
Microsoft Visual Studio Solution File, Format Version 12.00
# Visual Studio Version 17
VisualStudioVersion = 17.14.36915.13 d17.14
MinimumVisualStudioVersion = 10.0.40219.1
Project("{FAE04EC0-301F-11D3-BF4B-00C04F79EFBC}") = "PlanificacionGestionEventos", "PlanificacionGestionEventos\PlanificacionGestionEventos.csproj", "{B9FC006A-B1F8-4B2A-AE77-03D5B87D1D15}"
EndProject
Global
	GlobalSection(SolutionConfigurationPlatforms) = preSolution
		Debug|Any CPU = Debug|Any CPU
		Release|Any CPU = Release|Any CPU
	EndGlobalSection
	GlobalSection(ProjectConfigurationPlatforms) = postSolution
		{B9FC006A-B1F8-4B2A-AE77-03D5B87D1D15}.Debug|Any CPU.ActiveCfg = Debug|Any CPU
		{B9FC006A-B1F8-4B2A-AE77-03D5B87D1D15}.Debug|Any CPU.Build.0 = Debug|Any CPU
		{B9FC006A-B1F8-4B2A-AE77-03D5B87D1D15}.Release|Any CPU.ActiveCfg = Release|Any CPU
		{B9FC006A-B1F8-4B2A-AE77-03D5B87D1D15}.Release|Any CPU.Build.0 = Release|Any CPU
	EndGlobalSection
	GlobalSection(SolutionProperties) = preSolution
		HideSolutionNode = FALSE
	EndGlobalSection
	GlobalSection(ExtensibilityGlobals) = postSolution
		SolutionGuid = {D1A0FD6F-70CF-45A8-8DEA-56636BE59264}
	EndGlobalSection
EndGlobal
